
Microsoft Visual Studio Solution File, Format Version 12.00
# Visual Studio Version 17
VisualStudioVersion = 17.12.35209.166
MinimumVisualStudioVersion = 10.0.40219.1
Project("{FAE04EC0-301F-11D3-BF4B-00C04F79EFBC}") = "InvoiceTotal", "InvoiceTotal.csproj", "{FA3AD117-C88E-4ABF-B254-D1481CAD4731}"
EndProject
Global
	GlobalSection(SolutionConfigurationPlatforms) = preSolution
		Debug|Any CPU = Debug|Any CPU
		Release|Any CPU = Release|Any CPU
	EndGlobalSection
	GlobalSection(ProjectConfigurationPlatforms) = postSolution
		{FA3AD117-C88E-4ABF-B254-D1481CAD4731}.Debug|Any CPU.ActiveCfg = Debug|Any CPU
		{FA3AD117-C88E-4ABF-B254-D1481CAD4731}.Debug|Any CPU.Build.0 = Debug|Any CPU
		{FA3AD117-C88E-4ABF-B254-D1481CAD4731}.Release|Any CPU.ActiveCfg = Release|Any CPU
		{FA3AD117-C88E-4ABF-B254-D1481CAD4731}.Release|Any CPU.Build.0 = Release|Any CPU
	EndGlobalSection
	GlobalSection(SolutionProperties) = preSolution
		HideSolutionNode = FALSE
	EndGlobalSection
	GlobalSection(ExtensibilityGlobals) = postSolution
		SolutionGuid = {D799E4BE-BDAE-4572-A11F-DE8312643840}
	EndGlobalSection
EndGlobal
